{
  "lockfileVersion": 1,
  "configVersion": 1,
  "workspaces": {
    "": {
      "name": "@aifinpay/evm-contract",
      "dependencies": {
        "@openzeppelin/contracts": "^5.6.1",
      },
      "devDependencies": {
        "@daochild/agents-config": "^1.0.7",
        "@nomicfoundation/hardhat-toolbox": "^7.0.0",
        "dotenv": "^17.4.2",
        "hardhat": "^3.12.0",
        "prettier": "^3.9.6",
        "prettier-plugin-solidity": "^2.4.0",
        "solhint": "^6.2.3",
        "typescript": "^7.0.2",
      },
    },
  },
  "packages": {
    "@babel/code-frame": ["@babel/code-frame@7.29.7", "", { "dependencies": { "@babel/helper-validator-identifier": "^7.29.7", "js-tokens": "^4.0.0", "picocolors": "^1.1.1" } }, "sha512-Aup7aUOfpbAUg2ROOJN6Iw5f9DMBlzu0mIkm/malLQFN/YQgO48wCj0Kxa3sEHJvPVFg7siR+qRInwXd2qhQKw=="],

    "@babel/helper-validator-identifier": ["@babel/helper-validator-identifier@7.29.7", "", {}, "sha512-qehxGkRj55h/ff8EMaJ+cYhyaKlHIxqYDn682wQD7RNp9UujOQsHog2uS0r2vzr4pW+sXf90NeeayjcNaX3fFg=="],

    "@bytecodealliance/preview2-shim": ["@bytecodealliance/preview2-shim@0.19.0", "", {}, "sha512-OSUlcM62fXLuzYP0DjBn/SwjKMZ/y/2PMXZ8v5cRiiFcroauntlPRl/oCnx0xYjYiqdYvE0PY50VCNutll0xOw=="],

    "@daochild/agents-config": ["@daochild/agents-config@1.0.7", "", {}, "sha512-cN3xmfCPF6rSdwYeOZYAMlW254Nb/s3QPFgnCHJSxm3qPq7MjiwRi1wkqyOFMo8VST6VR0h9bFZ34QCqwuKIug=="],

    "@esbuild/aix-ppc64": ["@esbuild/aix-ppc64@0.28.1", "", { "os": "aix", "cpu": "ppc64" }, "sha512-Svl7tq8k/08+p6CXPpRjQ1fKX+1odH/BQbb48fV6fj3CWHhsoIOoY87w1oHXm0qEpkIK3ZfVgp0hed3XBXzXMQ=="],

    "@esbuild/android-arm": ["@esbuild/android-arm@0.28.1", "", { "os": "android", "cpu": "arm" }, "sha512-0k2F129Xdio1TdJfzJ8sy1Q47vUD2NnwdhiAf7drUN1EBTfPf4hsFCtmMgu/6m8JSzsBrlmVjudMBQqOfG8usQ=="],

    "@esbuild/android-arm64": ["@esbuild/android-arm64@0.28.1", "", { "os": "android", "cpu": "arm64" }, "sha512-34EGEbCIAgosYz6goLcopX6Mo7NyGv9tfwEM2/7Ce2VcVRk568iSvniGWcUXIy7wEDR1wzolcxcriFVrWYcwBg=="],

    "@esbuild/android-x64": ["@esbuild/android-x64@0.28.1", "", { "os": "android", "cpu": "x64" }, "sha512-dbwY7ltSMDWsRatcRpCnES4F+im88OCUgGZjy52shC7GqHRE/cYlxNbB4Z4UpJswpcc4Qxd2oE/ufM0p61IKng=="],

    "@esbuild/darwin-arm64": ["@esbuild/darwin-arm64@0.28.1", "", { "os": "darwin", "cpu": "arm64" }, "sha512-TZbWkQY7kvTAXbXUT7uVACR5cMHsDiSz9z7ZKAX/RTq/WJEk3QyRr0wZpNhBDX+/0CtdqUIJlOiodQcta6tY3Q=="],

    "@esbuild/darwin-x64": ["@esbuild/darwin-x64@0.28.1", "", { "os": "darwin", "cpu": "x64" }, "sha512-zfdzgK9ACBNZLI/CyHTOx81SyNbM6YXn7rxSgX97VjyiPl9W1i4Ka4fgKECEoFCKGpvBj5qArWIGgQjOwkgskQ=="],

    "@esbuild/freebsd-arm64": ["@esbuild/freebsd-arm64@0.28.1", "", { "os": "freebsd", "cpu": "arm64" }, "sha512-wG2EA8ENdEI0qhkSZMjfqrdY+ziCYCPMmtZjjIwOmXFjmyzEHn+UUxk5of+SYsjtfs3VpnlC7QLzSI5hY/rOAw=="],

    "@esbuild/freebsd-x64": ["@esbuild/freebsd-x64@0.28.1", "", { "os": "freebsd", "cpu": "x64" }, "sha512-i7dZ9vQgnvSCzi/rYCXNgtF/U+eKZNJBzu3eTQbRgHnM7tNSizLOkRFAl3qzVc/Op/u5YkHHa4pf/3DOYHthLQ=="],

    "@esbuild/linux-arm": ["@esbuild/linux-arm@0.28.1", "", { "os": "linux", "cpu": "arm" }, "sha512-qVXBOHQS+d5Y722GwJzJUtOLlX7km3CraOaGormF1pDtPd2C/l1SHRPgjLunLGe51Sh5YYWKMFDyV4SxgMQYTQ=="],

    "@esbuild/linux-arm64": ["@esbuild/linux-arm64@0.28.1", "", { "os": "linux", "cpu": "arm64" }, "sha512-yHs+0uc8+nvEAfAfxrWQKK5peSNzBc4PegcMO0EJ2hT71uA7vB8Ihg2e77R2P7SG5uYjPbHlLLmve4LLLRCf0g=="],

    "@esbuild/linux-ia32": ["@esbuild/linux-ia32@0.28.1", "", { "os": "linux", "cpu": "ia32" }, "sha512-d1z4ZuP0ajrfz/FhGT4vv278rX8KnPPJx8i5+AtK7TYbx9Le9F1hyzurZpkEyjkGa9dUGhQow4C1NmeGvqxN2w=="],

    "@esbuild/linux-loong64": ["@esbuild/linux-loong64@0.28.1", "", { "os": "linux", "cpu": "none" }, "sha512-M5sRjUVZrkm1OAPR3dlOYzNmN+loZKGVi1VUQGrwuqLcbR6qeAz+famMhjASeH3YVKvZz+zT1jlh/keC3Rj/lg=="],

    "@esbuild/linux-mips64el": ["@esbuild/linux-mips64el@0.28.1", "", { "os": "linux", "cpu": "none" }, "sha512-mRObBZeHh2OxcBFPWE/FjylkRgZdYuiTR3vaTozquCGOH14iP9oN4x4Ge81CoIDYQrXmIxpFumJBu5MtZpnQJQ=="],

    "@esbuild/linux-ppc64": ["@esbuild/linux-ppc64@0.28.1", "", { "os": "linux", "cpu": "ppc64" }, "sha512-slScBsMAb3GFDcdrCgLwZtPYRoH2H/youv10QiZyRjmsP48fznoveWytSgCI/R0ZcUgpc0ZhIUEx6LHts8yrfQ=="],

    "@esbuild/linux-riscv64": ["@esbuild/linux-riscv64@0.28.1", "", { "os": "linux", "cpu": "none" }, "sha512-kw0owk1o0GFETUJyW0jc0G4Yzs0BHZn0JDZ8JRT088vjJYX777BAs1fDGxAC+q831qOs2DTC96mNsG2opdfyyQ=="],

    "@esbuild/linux-s390x": ["@esbuild/linux-s390x@0.28.1", "", { "os": "linux", "cpu": "s390x" }, "sha512-/lAIjX8aYFRByhh6L5rYtPEDRqa9de/4V/juOXcta5frjvzXO4/sqEtyytse0g3zZFuWu5cDN0MkLz2qRDD2Ag=="],

    "@esbuild/linux-x64": ["@esbuild/linux-x64@0.28.1", "", { "os": "linux", "cpu": "x64" }, "sha512-u/anNYF2mmVOEDwLtnQ1wOr3EZ9sTNGLWrsYGYwHWzGA3Si84IOkHXlbWTD1NB+9/1lcnweYKO54uhxZydNzfA=="],

    "@esbuild/netbsd-arm64": ["@esbuild/netbsd-arm64@0.28.1", "", { "os": "none", "cpu": "arm64" }, "sha512-oks0DYbLwWMmaakTsCb+zL4E+aHRVLom9IJZOAthMQEPiQmydXHkziYEsGYRx0uNV/IjEKGAV941JzH02pflqw=="],

    "@esbuild/netbsd-x64": ["@esbuild/netbsd-x64@0.28.1", "", { "os": "none", "cpu": "x64" }, "sha512-aeL6lAnN89Hz43Mlh1G8ARasbuoYvSITDEx0tHh5b7jJnHcssqgjy9Yx430GDpmCa6OyrKoS0aNRjKundRizGg=="],

    "@esbuild/openbsd-arm64": ["@esbuild/openbsd-arm64@0.28.1", "", { "os": "openbsd", "cpu": "arm64" }, "sha512-MEFJe5C3R8pwXdZ5Y21oo6m7ePiS0d9pWucn99O/wvyJZChoIQKrQDxKrGeW8F5+T0okTHesAmDeiHDTIq0V/Q=="],

    "@esbuild/openbsd-x64": ["@esbuild/openbsd-x64@0.28.1", "", { "os": "openbsd", "cpu": "x64" }, "sha512-i/ZLIOafE0Z8cI/XANJAixoJL/uRAoS2xOA3rb0xN+KK0K177cMAsQYkzHtBrtMXAKuAc7HGgcWiZ/sRC1Nxgw=="],

    "@esbuild/openharmony-arm64": ["@esbuild/openharmony-arm64@0.28.1", "", { "os": "none", "cpu": "arm64" }, "sha512-ge+Z7EXFNt2BO1oAMsVpiQ8EwndV9i1xXerAeTIK7AtPs3bKFXQM7nlRxDSIUIMeueR1CNXxqztLzdNeReKBJg=="],

    "@esbuild/sunos-x64": ["@esbuild/sunos-x64@0.28.1", "", { "os": "sunos", "cpu": "x64" }, "sha512-BEjgtECkL3vY+SaSQ6nzVfiALUeFxpawyp8Jmf5PtYhf1Ug40N1h/hxlhts+f1FvSvarEigdxS3BlSMI2PJLcQ=="],

    "@esbuild/win32-arm64": ["@esbuild/win32-arm64@0.28.1", "", { "os": "win32", "cpu": "arm64" }, "sha512-lCv9eK/H6ZJWbE7bh2nw54CZ9M2nupBxJcTsdk/QQnWkdSjKGuxmmH8/GWrlT1eMmZfn4dGcCjRte397WqfQXA=="],

    "@esbuild/win32-ia32": ["@esbuild/win32-ia32@0.28.1", "", { "os": "win32", "cpu": "ia32" }, "sha512-zvb/mB2bSCoJOpoCBgYKKpX6YM6mJBlBUVUtVj41DlZJVEB6/0CKlRYxP5wWl1C1ILiCoAU5wZZ4q1P3qeS6Eg=="],

    "@esbuild/win32-x64": ["@esbuild/win32-x64@0.28.1", "", { "os": "win32", "cpu": "x64" }, "sha512-bm4Mowrv+GXMlpWX++EcXw/iLyd1o3+bJkC2DkWXYVvgZCqD/bSj9ctZeAMC3cIxgjRVR2Dufaiu4YPxr5gW1A=="],

    "@humanwhocodes/momoa": ["@humanwhocodes/momoa@2.0.4", "", {}, "sha512-RE815I4arJFtt+FVeU1Tgp9/Xvecacji8w/V6XtXsWWH/wz/eNkNbhb+ny/+PlVZjV0rxQpRSQKNKE3lcktHEA=="],

    "@noble/curves": ["@noble/curves@1.4.2", "", { "dependencies": { "@noble/hashes": "1.4.0" } }, "sha512-TavHr8qycMChk8UwMld0ZDRvatedkzWfH8IiaeGCfymOP5i0hSCozz9vHOL0nkwk7HRMlFnAiKpS2jrUmSybcw=="],

    "@noble/hashes": ["@noble/hashes@1.4.0", "", {}, "sha512-V1JJ1WTRUqHHrOSh597hURcMqVKVGL/ea3kv0gSnEdsEZ0/+VyPghM1lMNGc00z7CIQorSvbKpuJkxvuHbvdbg=="],

    "@nomicfoundation/edr": ["@nomicfoundation/edr@0.15.0", "", { "dependencies": { "@nomicfoundation/edr-darwin-arm64": "0.15.0", "@nomicfoundation/edr-darwin-x64": "0.15.0", "@nomicfoundation/edr-linux-arm64-gnu": "0.15.0", "@nomicfoundation/edr-linux-arm64-musl": "0.15.0", "@nomicfoundation/edr-linux-x64-gnu": "0.15.0", "@nomicfoundation/edr-linux-x64-musl": "0.15.0", "@nomicfoundation/edr-win32-x64-msvc": "0.15.0" } }, "sha512-RcBnQ0MYsrjhLsN+Kcu7q5mnRmBlxmv+Y0lxgrCsST6YTDH/l5RH3nG88J8sDEGmXyjVzX2HsXQBy9NxFJHFuw=="],

    "@nomicfoundation/edr-darwin-arm64": ["@nomicfoundation/edr-darwin-arm64@0.15.0", "", {}, "sha512-kFgoiou9yfzojAki3yOnOlFZfkC0oQeS8G3i/8lXaTnjEjQ2C1lLDgRQt8Q0kjSdVOs5daiC+eQx+8to4R5/ug=="],

    "@nomicfoundation/edr-darwin-x64": ["@nomicfoundation/edr-darwin-x64@0.15.0", "", {}, "sha512-vnFHCj2oxd7N8Eg760yY5gPAHz6tL7NB9Pt1nrP8/+XIutEdUJjpIDGadG0jsTHNmq303EvHh4nkpuO3zBCSZw=="],

    "@nomicfoundation/edr-linux-arm64-gnu": ["@nomicfoundation/edr-linux-arm64-gnu@0.15.0", "", {}, "sha512-klBqsMWl19NVok/9BOcX/PeV7M7DrTM4C7eSOQyc6wglZZRwKSm8tDtwQVh/bJkOCqqgVMO6IOi+IQ4xQbsgog=="],

    "@nomicfoundation/edr-linux-arm64-musl": ["@nomicfoundation/edr-linux-arm64-musl@0.15.0", "", {}, "sha512-PQ6oqCCOjQaGCyDA1XFDWbpGrXGKZ8Fr3JQrd7cCCqVvIBshg68WrJ7gqlf4DdeidppIi3m9CNRsWsRfj9Y17w=="],

    "@nomicfoundation/edr-linux-x64-gnu": ["@nomicfoundation/edr-linux-x64-gnu@0.15.0", "", {}, "sha512-j89Ywivbs78xWjoSFcZLp+pUqe0p0p3vqiG1utGFj/fJ7zEgTQBcC+DUiyddFpYB3TE79TZMUoaAnEVdxTi4Xw=="],

    "@nomicfoundation/edr-linux-x64-musl": ["@nomicfoundation/edr-linux-x64-musl@0.15.0", "", {}, "sha512-bJuCPxihvSFyoGAxmYL5CyN9id5mqncyikywTa7+/+g7ge2Pnz+w7GHbim+tvHeMA9XQv1vSy4QgNkkZXGBzLg=="],

    "@nomicfoundation/edr-win32-x64-msvc": ["@nomicfoundation/edr-win32-x64-msvc@0.15.0", "", {}, "sha512-pnUdVgZ4VwqbZu9XTAxJeuGavAY1w3txd/HkpqiOuu43Yrt0nnsRO5gAdj4smXJmQ5Bzy2x2GJ0/68rP4T1Pgw=="],

    "@nomicfoundation/hardhat-errors": ["@nomicfoundation/hardhat-errors@3.0.18", "", { "dependencies": { "@nomicfoundation/hardhat-utils": "^4.1.5" } }, "sha512-SK1GMQiV1r1/UbIU/2S13D1iueR8nYE6R+hK2AvJYCjvOCQGStK2oGHIPKVCdCK12yDZK0LE1OrCwxwcEvIu2w=="],

    "@nomicfoundation/hardhat-toolbox": ["@nomicfoundation/hardhat-toolbox@7.0.0", "", {}, "sha512-pMoxUU0WWxXv5zkE6mm3JZcvLN94TCax+NVZv5TMscnfwQ42lm+qEAnNxuGNneFbo8JGbHu1B6aEzV08bhmI3w=="],

    "@nomicfoundation/hardhat-utils": ["@nomicfoundation/hardhat-utils@4.1.7", "", { "dependencies": { "@streamparser/json-node": "^0.0.22", "env-paths": "^4.0.0", "ethereum-cryptography": "^2.2.1", "fast-equals": "^5.4.0", "json-stream-stringify": "^3.1.7", "rfdc": "^1.3.1", "undici": "^6.27.0" } }, "sha512-syZ1OqcJUR1l8JD8cP96PPtjn+55GJX6c7q2e0z1WhT6/DjQJZCbOiET1MCkIr6HK6k+ZMfsTR7KbnhrRiL0CQ=="],

    "@nomicfoundation/hardhat-vendored": ["@nomicfoundation/hardhat-vendored@3.0.4", "", {}, "sha512-RO8Otj1FvRvxJmXzkxh1vTwK/+cqSVPYLqY6RrWkmzHEEcxnAwAFsBYdW7xyTEyW/pVbSSNd2gs3aoGdGZaoNA=="],

    "@nomicfoundation/hardhat-zod-utils": ["@nomicfoundation/hardhat-zod-utils@3.0.5", "", { "dependencies": { "@nomicfoundation/hardhat-errors": "^3.0.13", "@nomicfoundation/hardhat-utils": "^4.1.2" }, "peerDependencies": { "zod": "^3.23.8" } }, "sha512-A1G9Jcizf/vYcGMtqkf+st94zBPTDB+bXXlojOMu77gmBZYbywY0k7hdRM2B4uJY+8nM0oe0sNVGVkARITXdcw=="],

    "@nomicfoundation/slang": ["@nomicfoundation/slang@1.3.7", "", { "dependencies": { "@bytecodealliance/preview2-shim": "^0.19.0" } }, "sha512-ryH2soSaqnv+lbHNe2dGA/05gZOB1c2OvAoNbqPfT341P3WC/1xwEGJeQWclIIFjl70FKLU8+LdIOdxMvW1evg=="],

    "@nomicfoundation/solidity-analyzer": ["@nomicfoundation/solidity-analyzer@0.1.2", "", { "optionalDependencies": { "@nomicfoundation/solidity-analyzer-darwin-arm64": "0.1.2", "@nomicfoundation/solidity-analyzer-darwin-x64": "0.1.2", "@nomicfoundation/solidity-analyzer-linux-arm64-gnu": "0.1.2", "@nomicfoundation/solidity-analyzer-linux-arm64-musl": "0.1.2", "@nomicfoundation/solidity-analyzer-linux-x64-gnu": "0.1.2", "@nomicfoundation/solidity-analyzer-linux-x64-musl": "0.1.2", "@nomicfoundation/solidity-analyzer-win32-x64-msvc": "0.1.2" } }, "sha512-q4n32/FNKIhQ3zQGGw5CvPF6GTvDCpYwIf7bEY/dZTZbgfDsHyjJwURxUJf3VQuuJj+fDIFl4+KkBVbw4Ef6jA=="],

    "@nomicfoundation/solidity-analyzer-darwin-arm64": ["@nomicfoundation/solidity-analyzer-darwin-arm64@0.1.2", "", {}, "sha512-JaqcWPDZENCvm++lFFGjrDd8mxtf+CtLd2MiXvMNTBD33dContTZ9TWETwNFwg7JTJT5Q9HEecH7FA+HTSsIUw=="],

    "@nomicfoundation/solidity-analyzer-darwin-x64": ["@nomicfoundation/solidity-analyzer-darwin-x64@0.1.2", "", {}, "sha512-fZNmVztrSXC03e9RONBT+CiksSeYcxI1wlzqyr0L7hsQlK1fzV+f04g2JtQ1c/Fe74ZwdV6aQBdd6Uwl1052sw=="],

    "@nomicfoundation/solidity-analyzer-linux-arm64-gnu": ["@nomicfoundation/solidity-analyzer-linux-arm64-gnu@0.1.2", "", {}, "sha512-3d54oc+9ZVBuB6nbp8wHylk4xh0N0Gc+bk+/uJae+rUgbOBwQSfuGIbAZt1wBXs5REkSmynEGcqx6DutoK0tPA=="],

    "@nomicfoundation/solidity-analyzer-linux-arm64-musl": ["@nomicfoundation/solidity-analyzer-linux-arm64-musl@0.1.2", "", {}, "sha512-iDJfR2qf55vgsg7BtJa7iPiFAsYf2d0Tv/0B+vhtnI16+wfQeTbP7teookbGvAo0eJo7aLLm0xfS/GTkvHIucA=="],

    "@nomicfoundation/solidity-analyzer-linux-x64-gnu": ["@nomicfoundation/solidity-analyzer-linux-x64-gnu@0.1.2", "", {}, "sha512-9dlHMAt5/2cpWyuJ9fQNOUXFB/vgSFORg1jpjX1Mh9hJ/MfZXlDdHQ+DpFCs32Zk5pxRBb07yGvSHk9/fezL+g=="],

    "@nomicfoundation/solidity-analyzer-linux-x64-musl": ["@nomicfoundation/solidity-analyzer-linux-x64-musl@0.1.2", "", {}, "sha512-GzzVeeJob3lfrSlDKQw2bRJ8rBf6mEYaWY+gW0JnTDHINA0s2gPR4km5RLIj1xeZZOYz4zRw+AEeYgLRqB2NXg=="],

    "@nomicfoundation/solidity-analyzer-win32-x64-msvc": ["@nomicfoundation/solidity-analyzer-win32-x64-msvc@0.1.2", "", {}, "sha512-Fdjli4DCcFHb4Zgsz0uEJXZ2K7VEO+w5KVv7HmT7WO10iODdU9csC2az4jrhEsRtiR9Gfd74FlG0NYlw1BMdyA=="],

    "@openzeppelin/contracts": ["@openzeppelin/contracts@5.6.1", "", {}, "sha512-Ly6SlsVJ3mj+b18W3R8gNufB7dTICT105fJhodGAGgyC2oqnBAhqSiNDJ8V8DLY05cCz81GLI0CU5vNYA1EC/w=="],

    "@pnpm/config.env-replace": ["@pnpm/config.env-replace@1.1.0", "", {}, "sha512-htyl8TWnKL7K/ESFa1oW2UB5lVDxuF5DpM7tBi6Hu2LNL3mWkIzNLG6N4zoCUP1lCKNxWy/3iu8mS8MvToGd6w=="],

    "@pnpm/network.ca-file": ["@pnpm/network.ca-file@1.0.2", "", { "dependencies": { "graceful-fs": "4.2.10" } }, "sha512-YcPQ8a0jwYU9bTdJDpXjMi7Brhkr1mXsXrUJvjqM2mQDgkRiz8jFaQGOdaLxgjtUfQgZhKy/O3cG/YwmgKaxLA=="],

    "@pnpm/npm-conf": ["@pnpm/npm-conf@3.0.3", "", { "dependencies": { "@pnpm/config.env-replace": "^1.1.0", "@pnpm/network.ca-file": "^1.0.1", "config-chain": "^1.1.11" } }, "sha512-//0sR/cow/s4ICQaYoAobOl4aU8cjU6x/V24V7XkKotb9+O+3zySIYp146vpaobYHnxa4pZX8NkV54Z5AwbDKA=="],

    "@scure/base": ["@scure/base@1.1.9", "", {}, "sha512-8YKhl8GHiNI/pU2VMaofa2Tor7PJRAjwQLBBuilkJ9L5+13yVbC7JO/wS7piioAvPSwR3JKM1IJ/u4xQzbcXKg=="],

    "@scure/bip32": ["@scure/bip32@1.4.0", "", { "dependencies": { "@noble/curves": "~1.4.0", "@noble/hashes": "~1.4.0", "@scure/base": "~1.1.6" } }, "sha512-sVUpc0Vq3tXCkDGYVWGIZTRfnvu8LoTDaev7vbwh0omSvVORONr960MQWdKqJDCReIEmTj3PAr73O3aoxz7OPg=="],

    "@scure/bip39": ["@scure/bip39@1.3.0", "", { "dependencies": { "@noble/hashes": "~1.4.0", "@scure/base": "~1.1.6" } }, "sha512-disdg7gHuTDZtY+ZdkmLpPCk7fxZSu3gBiEGuoC1XYxv9cGx3Z6cpTggCgW6odSOOIXCiDjuGejW+aJKCY/pIQ=="],

    "@sentry/core": ["@sentry/core@9.47.1", "", {}, "sha512-KX62+qIt4xgy8eHKHiikfhz2p5fOciXd0Cl+dNzhgPFq8klq4MGMNaf148GB3M/vBqP4nw/eFvRMAayFCgdRQw=="],

    "@sindresorhus/is": ["@sindresorhus/is@5.6.0", "", {}, "sha512-TV7t8GKYaJWsn00tFDqBw8+Uqmr8A0fRU1tvTQhyZzGv0sJCGRQL3JGMI3ucuKo3XIZdUP+Lx7/gh2t3lewy7g=="],

    "@solidity-parser/parser": ["@solidity-parser/parser@0.20.2", "", {}, "sha512-rbu0bzwNvMcwAjH86hiEAcOeRI2EeK8zCkHDrFykh/Al8mvJeFmjy3UrE7GYQjNwOgbGUUtCn5/k8CB8zIu7QA=="],

    "@streamparser/json": ["@streamparser/json@0.0.22", "", {}, "sha512-b6gTSBjJ8G8SuO3Gbbj+zXbVx8NSs1EbpbMKpzGLWMdkR+98McH9bEjSz3+0mPJf68c5nxa3CrJHp5EQNXM6zQ=="],

    "@streamparser/json-node": ["@streamparser/json-node@0.0.22", "", { "dependencies": { "@streamparser/json": "^0.0.22" } }, "sha512-sJT2ptNRwqB1lIsQrQlCoWk5rF4tif9wDh+7yluAGijJamAhrHGYpFB/Zg3hJeceoZypi74ftXk8DHzwYpbZSg=="],

    "@szmarczak/http-timer": ["@szmarczak/http-timer@5.0.1", "", { "dependencies": { "defer-to-connect": "^2.0.1" } }, "sha512-+PmQX0PiAYPMeVYe237LJAYvOMYW1j2rH5YROyS3b4CTVJum34HfRvKvAzozHAQG0TnHNdUfY9nCeUyRAs//cw=="],

    "@types/http-cache-semantics": ["@types/http-cache-semantics@4.2.0", "", {}, "sha512-L3LgimLHXtGkWikKnsPg0/VFx9OGZaC+eN1u4r+OB1XRqH3meBIAVC2zr1WdMH+RHmnRkqliQAOHNJ/E0j/e0Q=="],

    "@typescript/typescript-aix-ppc64": ["@typescript/typescript-aix-ppc64@7.0.2", "", { "os": "aix", "cpu": "ppc64" }, "sha512-MTKKkWB7p/0E9xi1d1tHtZ5PiLkGEMIq88pK2CubZjOsLtYTLqhgIgi6zepFa+9GHZ6h05NMCkQxGKiPXMxXtQ=="],

    "@typescript/typescript-darwin-arm64": ["@typescript/typescript-darwin-arm64@7.0.2", "", { "os": "darwin", "cpu": "arm64" }, "sha512-gowzar9MwS/aRWp6f3a4KUqzRjAZjOsmGNCM6LcTgXum+dBfgsBVMN+AgvOCCbguXyick6LJhpBszxMebJ8syA=="],

    "@typescript/typescript-darwin-x64": ["@typescript/typescript-darwin-x64@7.0.2", "", { "os": "darwin", "cpu": "x64" }, "sha512-SZ9xZInqApNlNGc9s0W1VSsktYSOe9cFqNOIqmN1Gs8SmkjKZYFt017G4VwPxASInODuAdbTW7sXiFUf893RgA=="],

    "@typescript/typescript-freebsd-arm64": ["@typescript/typescript-freebsd-arm64@7.0.2", "", { "os": "freebsd", "cpu": "arm64" }, "sha512-W5NH4y/J0plIIS5b2xvTEkU7JFxyqdMAOgf+Ilhl0vHQXKO5dZoxd+C/jEtq56c4F3wk71RB4BMRQ2XdI+bwYQ=="],

    "@typescript/typescript-freebsd-x64": ["@typescript/typescript-freebsd-x64@7.0.2", "", { "os": "freebsd", "cpu": "x64" }, "sha512-UMGDx5sTpzNw3WiPebH7l90IWfJggEd+egHt/q6p7/Cm3zqoV7VxkGXt+3DxPIw8CcmvAB0j3sVVfbhX+M4Tpw=="],

    "@typescript/typescript-linux-arm": ["@typescript/typescript-linux-arm@7.0.2", "", { "os": "linux", "cpu": "arm" }, "sha512-gffT3xPz9sR7j/YJExkyPntrI0P2EP9XbOyWzth2/Gs0RstK+90RBcO0ncXoXy/beYll1SXw846Nf2zdnEz0QQ=="],

    "@typescript/typescript-linux-arm64": ["@typescript/typescript-linux-arm64@7.0.2", "", { "os": "linux", "cpu": "arm64" }, "sha512-Qh4eU4/y3yDjnfjjyPYihMj5/ODIlmt+Bzu17OI+fiSRDW57QmU5SiN63exPRNJPKUzcc1INa1NXdrJ+MqHjUQ=="],

    "@typescript/typescript-linux-loong64": ["@typescript/typescript-linux-loong64@7.0.2", "", { "os": "linux", "cpu": "none" }, "sha512-uEHck9i8hoAzXPiYRib1O7miOnz23SxIeVl6F4LXox+qov1K35jHcEW6VHKvZI+pyvl7fZEP4MCU5LYvIq1GuQ=="],

    "@typescript/typescript-linux-mips64el": ["@typescript/typescript-linux-mips64el@7.0.2", "", { "os": "linux", "cpu": "none" }, "sha512-R4KvAMnE43W5Qeqb0Ly56O3mWMWIAgsMyz36DCaycd5nbg/9kzm0liw3JocfRqyJY0KPmzFjbswozXyW0DnIYA=="],

    "@typescript/typescript-linux-ppc64": ["@typescript/typescript-linux-ppc64@7.0.2", "", { "os": "linux", "cpu": "ppc64" }, "sha512-DORx5b3sd/4S7eayxm4FQv+A7CrkUIGRaHiwI8oiHTAI1fAPWhF4J0vAlkC8biAlHSVVwxMQ3tjZ2/DVbnQiiA=="],

    "@typescript/typescript-linux-riscv64": ["@typescript/typescript-linux-riscv64@7.0.2", "", { "os": "linux", "cpu": "none" }, "sha512-wf0jqEDOjrPRnKwYRyyJDRo11KMbvMFrU+q4zqKyChODBzvlkbhNQfKvLxQCcwTpdDaXSHZTVuh0JoCrKCUMHQ=="],

    "@typescript/typescript-linux-s390x": ["@typescript/typescript-linux-s390x@7.0.2", "", { "os": "linux", "cpu": "s390x" }, "sha512-IkwJc3L7yhytWd/ewjyxNDfOmswCm9GWMJT/ue/dU4aZNbwZeYAetq42VyLmsmSjvoX7z74X6ZaYCtzAr0EuGw=="],

    "@typescript/typescript-linux-x64": ["@typescript/typescript-linux-x64@7.0.2", "", { "os": "linux", "cpu": "x64" }, "sha512-EYdf2cNg7rgCWJnxCdJ+F3V39O8ihb37eHAu1LK8oAFizgTQbPOK7zHHXbPt8rX24COqODXeI3sIf0fCXG7H/A=="],

    "@typescript/typescript-netbsd-arm64": ["@typescript/typescript-netbsd-arm64@7.0.2", "", { "os": "none", "cpu": "arm64" }, "sha512-+polYF4MF04aPpO5FTkHran9yUQDSXqy5GiSDKpsll5jy3l3+g9QLhpf39T+ePtefhXLOGrLl0QIjkQP6VnelA=="],

    "@typescript/typescript-netbsd-x64": ["@typescript/typescript-netbsd-x64@7.0.2", "", { "os": "none", "cpu": "x64" }, "sha512-8YIT0EHM/3dq10ZOVF/A7pc/YSMtbcecct4rWtexrnSCHOPcpC2KTLXfTCR6vDpnSiY12heNb1GiN/wu+T/FyA=="],

    "@typescript/typescript-openbsd-arm64": ["@typescript/typescript-openbsd-arm64@7.0.2", "", { "os": "openbsd", "cpu": "arm64" }, "sha512-APT8+ClYnuYm1u9+kgGXoMj2VzWzcymwh2gNSQVySHfkRDGOTVkoWLjCmOQSaO+PoqQ57B0flRp9SA+7GnnkzQ=="],

    "@typescript/typescript-openbsd-x64": ["@typescript/typescript-openbsd-x64@7.0.2", "", { "os": "openbsd", "cpu": "x64" }, "sha512-yX7s+Q0Dln0Dt9tEzZsAjXXR/+ytBM7AlglaqyeMPxQszJ1JhlJdZ6jLA+IzldHtflX81em7lDao1xXu+aRRkg=="],

    "@typescript/typescript-sunos-x64": ["@typescript/typescript-sunos-x64@7.0.2", "", { "os": "sunos", "cpu": "x64" }, "sha512-dLJDGaLZ1D4HPQn62u1n8mBDkJREwMsAkCdkwd4Ieqw+x3TUyTsqY0YiBCtE6H6OzzgGk3iuZ3vFWRS+E8/d1g=="],

    "@typescript/typescript-win32-arm64": ["@typescript/typescript-win32-arm64@7.0.2", "", { "os": "win32", "cpu": "arm64" }, "sha512-Gyl1Vy6OsWesLzmq+EP0Fb7b4Nid5232AvcA2SFcdYreldpNtYFFofPjnt62y9hQy7VTaZp65ICJjuAQRaVcIQ=="],

    "@typescript/typescript-win32-x64": ["@typescript/typescript-win32-x64@7.0.2", "", { "os": "win32", "cpu": "x64" }, "sha512-0BQ3HkAHHlKLSp1qRvf3SUhGpGsDuhB/jgFw75guyqbxJqEaS0Cw/VFO8i2nHglJUzQCRtMMR/IBAKE3ETMC4g=="],

    "adm-zip": ["adm-zip@0.6.0", "", {}, "sha512-XleryMhbuksdKtofnWZ9Sk+4CUTbms4Mb/EU32SZwToAyZ5RgVos/ki8n+yr0LWHOGKuakbXTuuYNHLQjhddgg=="],

    "ajv": ["ajv@8.20.0", "", { "dependencies": { "fast-deep-equal": "^3.1.3", "fast-uri": "^3.0.1", "json-schema-traverse": "^1.0.0", "require-from-string": "^2.0.2" } }, "sha512-Thbli+OlOj+iMPYFBVBfJ3OmCAnaSyNn4M1vz9T6Gka5Jt9ba/HIR56joy65tY6kx/FCF5VXNB819Y7/GUrBGA=="],

    "ansi-colors": ["ansi-colors@4.1.3", "", {}, "sha512-/6w/C21Pm1A7aZitlI5Ni/2J6FFQN8i1Cvz3kHABAAbw93v/NlvKdVOqz7CCWz/3iv/JplRSEEZ83XION15ovw=="],

    "ansi-regex": ["ansi-regex@5.0.1", "", {}, "sha512-quJQXlTSUGL2LH9SUXo8VwsY4soanhgo6LNSm84E1LBcE8s3O0wpdiRzyR9z/ZZJMlMWv37qOOb9pdJlMUEKFQ=="],

    "ansi-styles": ["ansi-styles@4.3.0", "", { "dependencies": { "color-convert": "^2.0.1" } }, "sha512-zbB9rCJAT1rbjiVDb2hqKFHNYLxgtk8NURxZ3IZwD3F6NtxbXZQCnnSi1Lkx+IDohdPlFp222wVALIheZJQSEg=="],

    "argparse": ["argparse@2.0.1", "", {}, "sha512-8+9WqebbFzpX9OR+Wa6O29asIogeRMzcGtAINdpMHHyAg10f05aSFVBbcEqGf/PXw1EjAZ+q2/bEBg3DvurK3Q=="],

    "ast-parents": ["ast-parents@0.0.1", "", {}, "sha512-XHusKxKz3zoYk1ic8Un640joHbFMhbqneyoZfoKnEGtf2ey9Uh/IdpcQplODdO/kENaMIWsD0nJm4+wX3UNLHA=="],

    "astral-regex": ["astral-regex@2.0.0", "", {}, "sha512-Z7tMw1ytTXt5jqMcOP+OQteU1VuNK9Y02uuJtKQ1Sv69jXQKKg5cibLwGJow8yzZP+eAc18EmLGPal0bp36rvQ=="],

    "balanced-match": ["balanced-match@4.0.4", "", {}, "sha512-BLrgEcRTwX2o6gGxGOCNyMvGSp35YofuYzw9h1IMTRmKqttAZZVU67bdb9Pr2vUHA8+j3i2tJfjO6C6+4myGTA=="],

    "better-ajv-errors": ["better-ajv-errors@2.0.3", "", { "dependencies": { "@babel/code-frame": "^7.27.1", "@humanwhocodes/momoa": "^2.0.4", "chalk": "^4.1.2", "jsonpointer": "^5.0.1", "leven": "^3.1.0 < 4" }, "peerDependencies": { "ajv": "4.11.8 - 8" } }, "sha512-t1vxUP+vYKsaYi/BbKo2K98nEAZmfi4sjwvmRT8aOPDzPJeAtLurfoIDazVkLILxO4K+Sw4YrLYnBQ46l6pePg=="],

    "brace-expansion": ["brace-expansion@5.0.9", "", { "dependencies": { "balanced-match": "^4.0.2" } }, "sha512-ScQ4IuvIEF1TMlP7Zt+vjJ//9zlPb2SDcxWxM3bk8s6t6GGdJ7KO1dCcTidOPJKePW30LE/2cT7wCyPho9/Wxg=="],

    "cacheable-lookup": ["cacheable-lookup@7.0.0", "", {}, "sha512-+qJyx4xiKra8mZrcwhjMRMUhD5NR1R8esPkzIYxX96JiecFoxAXFuz/GpR3+ev4PE1WamHip78wV0vcmPQtp8w=="],

    "cacheable-request": ["cacheable-request@10.2.14", "", { "dependencies": { "@types/http-cache-semantics": "^4.0.2", "get-stream": "^6.0.1", "http-cache-semantics": "^4.1.1", "keyv": "^4.5.3", "mimic-response": "^4.0.0", "normalize-url": "^8.0.0", "responselike": "^3.0.0" } }, "sha512-zkDT5WAF4hSSoUgyfg5tFIxz8XQK+25W/TLVojJTMKBaxevLBBtLxgqguAuVQB8PVW79FVjHcU+GJ9tVbDZ9mQ=="],

    "callsites": ["callsites@3.1.0", "", {}, "sha512-P8BjAsXvZS+VIDUI11hHCQEv74YT67YUi5JJFNWIqL235sBmjX4+qx9Muvls5ivyNENctx46xQLQ3aTuE7ssaQ=="],

    "chalk": ["chalk@4.1.2", "", { "dependencies": { "ansi-styles": "^4.1.0", "supports-color": "^7.1.0" } }, "sha512-oKnbhFyRIXpUuez8iBMmyEa4nbj4IOQyuhc/wy9kY7/WVPcwIO9VA668Pu8RkO7+0G76SLROeyw9CpQ061i4mA=="],

    "chokidar": ["chokidar@5.0.0", "", { "dependencies": { "readdirp": "^5.0.0" } }, "sha512-TQMmc3w+5AxjpL8iIiwebF73dRDF4fBIieAqGn9RGCWaEVwQ6Fb2cGe31Yns0RRIzii5goJ1Y7xbMwo1TxMplw=="],

    "color-convert": ["color-convert@2.0.1", "", { "dependencies": { "color-name": "~1.1.4" } }, "sha512-RRECPsj7iu/xb5oKYcsFHSppFNnsj/52OVTRKb4zP5onXwVF3zVmmToNcOfGC+CRDpfK/U584fMg38ZHCaElKQ=="],

    "color-name": ["color-name@1.1.4", "", {}, "sha512-dOy+3AuW3a2wNbZHIuMZpTcgjGuLU/uBL/ubcZF9OXbDo8ff4O8yVp5Bf0efS8uEoYo5q4Fx7dY9OgQGXgAsQA=="],

    "commander": ["commander@10.0.1", "", {}, "sha512-y4Mg2tXshplEbSGzx7amzPwKKOCGuoSRP/CjEdwwk0FOGlUbq6lKuoyDZTNZkmxHdJtp54hdfY/JUrdL7Xfdug=="],

    "config-chain": ["config-chain@1.1.13", "", { "dependencies": { "ini": "^1.3.4", "proto-list": "~1.2.1" } }, "sha512-qj+f8APARXHrM0hraqXYb2/bOVSV4PvJQlNZ/DVj0QrmNM2q2euizkeuVckQ57J+W0mRH6Hvi+k50M4Jul2VRQ=="],

    "cosmiconfig": ["cosmiconfig@8.3.6", "", { "dependencies": { "import-fresh": "^3.3.0", "js-yaml": "^4.1.0", "parse-json": "^5.2.0", "path-type": "^4.0.0" }, "peerDependencies": { "typescript": ">=4.9.5" }, "optionalPeers": ["typescript"] }, "sha512-kcZ6+W5QzcJ3P1Mt+83OUv/oHFqZHIx8DuxG6eZ5RGMERoLqp4BuGjhHLYGK+Kf5XVkQvqBSmAy/nGWN3qDgEA=="],

    "decompress-response": ["decompress-response@6.0.0", "", { "dependencies": { "mimic-response": "^3.1.0" } }, "sha512-aW35yZM6Bb/4oJlZncMH2LCoZtJXTRxES17vE3hoRiowU2kWHaJKFkSBDnDR+cm9J+9QhXmREyIfv0pji9ejCQ=="],

    "deep-extend": ["deep-extend@0.6.0", "", {}, "sha512-LOHxIOaPYdHlJRtCQfDIVZtfw/ufM8+rVj649RIHzcm/vGwQRXFt6OPqIFWsm2XEMrNIEtWR64sY1LEKD2vAOA=="],

    "defer-to-connect": ["defer-to-connect@2.0.1", "", {}, "sha512-4tvttepXG1VaYGrRibk5EwJd1t4udunSOVMdLSAL6mId1ix438oPwPZMALY41FCijukO1L0twNcGsdzS7dHgDg=="],

    "dotenv": ["dotenv@17.4.2", "", {}, "sha512-nI4U3TottKAcAD9LLud4Cb7b2QztQMUEfHbvhTH09bqXTxnSie8WnjPALV/WMCrJZ6UV/qHJ6L03OqO3LcdYZw=="],

    "emoji-regex": ["emoji-regex@8.0.0", "", {}, "sha512-MSjYzcWNOA0ewAHpz0MxpYFvwg6yjy1NG3xteoqz644VCo/RPgnr1/GGt+ic3iJTzQ8Eu3TdM14SawnVUmGE6A=="],

    "enquirer": ["enquirer@2.4.1", "", { "dependencies": { "ansi-colors": "^4.1.1", "strip-ansi": "^6.0.1" } }, "sha512-rRqJg/6gd538VHvR3PSrdRBb/1Vy2YfzHqzvbhGIQpDRKIa4FgV/54b5Q1xYSxOOwKvjXweS26E0Q+nAMwp2pQ=="],

    "env-paths": ["env-paths@4.0.0", "", { "dependencies": { "is-safe-filename": "^0.1.0" } }, "sha512-pxP8eL2SwwaTRi/KHYwLYXinDs7gL3jxFcBYmEdYfZmZXbaVDvdppd0XBU8qVz03rDfKZMXg1omHCbsJjZrMsw=="],

    "error-ex": ["error-ex@1.3.4", "", { "dependencies": { "is-arrayish": "^0.2.1" } }, "sha512-sqQamAnR14VgCr1A618A3sGrygcpK+HEbenA/HiEAkkUwcZIIB/tgWqHFxWgOyDh4nB4JCRimh79dR5Ywc9MDQ=="],

    "esbuild": ["esbuild@0.28.1", "", { "optionalDependencies": { "@esbuild/aix-ppc64": "0.28.1", "@esbuild/android-arm": "0.28.1", "@esbuild/android-arm64": "0.28.1", "@esbuild/android-x64": "0.28.1", "@esbuild/darwin-arm64": "0.28.1", "@esbuild/darwin-x64": "0.28.1", "@esbuild/freebsd-arm64": "0.28.1", "@esbuild/freebsd-x64": "0.28.1", "@esbuild/linux-arm": "0.28.1", "@esbuild/linux-arm64": "0.28.1", "@esbuild/linux-ia32": "0.28.1", "@esbuild/linux-loong64": "0.28.1", "@esbuild/linux-mips64el": "0.28.1", "@esbuild/linux-ppc64": "0.28.1", "@esbuild/linux-riscv64": "0.28.1", "@esbuild/linux-s390x": "0.28.1", "@esbuild/linux-x64": "0.28.1", "@esbuild/netbsd-arm64": "0.28.1", "@esbuild/netbsd-x64": "0.28.1", "@esbuild/openbsd-arm64": "0.28.1", "@esbuild/openbsd-x64": "0.28.1", "@esbuild/openharmony-arm64": "0.28.1", "@esbuild/sunos-x64": "0.28.1", "@esbuild/win32-arm64": "0.28.1", "@esbuild/win32-ia32": "0.28.1", "@esbuild/win32-x64": "0.28.1" }, "bin": { "esbuild": "bin/esbuild" } }, "sha512-HrJrvZv5ayxBzPfwphOoNzkzOIIlifzk0KJrGK2c8R4+LKpMtpYLQeUdjnwjWv/LZlkH2laZk+4w78pi99D4Vw=="],

    "ethereum-cryptography": ["ethereum-cryptography@2.2.1", "", { "dependencies": { "@noble/curves": "1.4.2", "@noble/hashes": "1.4.0", "@scure/bip32": "1.4.0", "@scure/bip39": "1.3.0" } }, "sha512-r/W8lkHSiTLxUxW8Rf3u4HGB0xQweG2RyETjywylKZSzLWoWAijRz8WCuOtJ6wah+avllXBqZuk29HCCvhEIRg=="],

    "fast-deep-equal": ["fast-deep-equal@3.1.3", "", {}, "sha512-f3qQ9oQy9j2AhBe/H9VC91wLmKBCCU/gDOnKNAYG5hswO7BLKj09Hc5HYNz9cGI++xlpDCIgDaitVs03ATR84Q=="],

    "fast-diff": ["fast-diff@1.3.0", "", {}, "sha512-VxPP4NqbUjj6MaAOafWeUn2cXWLcCtljklUtZf0Ind4XQ+QPtmA0b18zZy0jIQx+ExRVCR/ZQpBmik5lXshNsw=="],

    "fast-equals": ["fast-equals@5.4.1", "", {}, "sha512-DjlFSM5Pk9cGcL0q5QXl66eGzx0N6szNgaswwc5ZphlBohjTVJSnGgI+rJVOgOi65qUoQnDZN4nDqi33udtydQ=="],

    "fast-uri": ["fast-uri@3.1.5", "", {}, "sha512-gHwA1O9LDIcKunMKhObS/HimwtehO1nPUECKAu5TpKgaO19fcWEl4bliWe1jWxVFvIXztJjjQ4L8XQ1EU9f7Jw=="],

    "form-data-encoder": ["form-data-encoder@2.1.4", "", {}, "sha512-yDYSgNMraqvnxiEXO4hi88+YZxaHC6QKzb5N84iRCTDeRO7ZALpir/lVmf/uXUhnwUr2O4HU8s/n6x+yNjQkHw=="],

    "fsevents": ["fsevents@2.3.3", "", { "os": "darwin" }, "sha512-5xoDfX+fL7faATnagmWPpbFtwh/R77WmMMqqHGS65C3vvB0YHrgF+B1YmZ3441tMj5n63k0212XNoJwzlhffQw=="],

    "get-stream": ["get-stream@6.0.1", "", {}, "sha512-ts6Wi+2j3jQjqi70w5AlN8DFnkSwC+MqmxEzdEALB2qXZYV3X/b1CTfgPLGJNMeAWxdPfU8FO1ms3NUfaHCPYg=="],

    "glob": ["glob@13.0.6", "", { "dependencies": { "minimatch": "^10.2.2", "minipass": "^7.1.3", "path-scurry": "^2.0.2" } }, "sha512-Wjlyrolmm8uDpm/ogGyXZXb1Z+Ca2B8NbJwqBVg0axK9GbBeoS7yGV6vjXnYdGm6X53iehEuxxbyiKp8QmN4Vw=="],

    "got": ["got@12.6.1", "", { "dependencies": { "@sindresorhus/is": "^5.2.0", "@szmarczak/http-timer": "^5.0.1", "cacheable-lookup": "^7.0.0", "cacheable-request": "^10.2.8", "decompress-response": "^6.0.0", "form-data-encoder": "^2.1.2", "get-stream": "^6.0.1", "http2-wrapper": "^2.1.10", "lowercase-keys": "^3.0.0", "p-cancelable": "^3.0.0", "responselike": "^3.0.0" } }, "sha512-mThBblvlAF1d4O5oqyvN+ZxLAYwIJK7bpMxgYqPD9okW0C3qm5FFn7k811QrcuEBwaogR3ngOFoCfs6mRv7teQ=="],

    "graceful-fs": ["graceful-fs@4.2.10", "", {}, "sha512-9ByhssR2fPVsNZj478qUUbKfmL0+t5BDVyjShtyZZLiK7ZDAArFFfopyOTj0M05wE2tJPisA4iTnnXl2YoPvOA=="],

    "hardhat": ["hardhat@3.12.0", "", { "dependencies": { "@nomicfoundation/edr": "0.15.0", "@nomicfoundation/hardhat-errors": "^3.0.17", "@nomicfoundation/hardhat-utils": "^4.1.6", "@nomicfoundation/hardhat-vendored": "^3.0.4", "@nomicfoundation/hardhat-zod-utils": "^3.0.5", "@nomicfoundation/solidity-analyzer": "^0.1.1", "@sentry/core": "^9.4.0", "adm-zip": "^0.6.0", "chokidar": "^5.0.0", "enquirer": "^2.3.0", "ethereum-cryptography": "^2.2.1", "micro-eth-signer": "^0.14.0", "p-map": "^7.0.6", "resolve.exports": "^2.0.3", "semver": "^7.8.5", "tsx": "^4.23.1", "ws": "^8.21.1", "zod": "^3.23.8" }, "bin": { "hardhat": "dist/src/cli.js" } }, "sha512-HY1BPWJ+Pq/RvGDcK8M0gwawNiJqrjfF0LOdHM+pYa9EDybG8O9hX1RP7fWchNLrA49D7A1Ax8LlRkQglWozzg=="],

    "has-flag": ["has-flag@4.0.0", "", {}, "sha512-EykJT/Q1KjTWctppgIAgfSO0tKVuZUjhgMr17kqTumMl6Afv3EISleU7qZUzoXDFTAHTDC4NOoG/ZxU3EvlMPQ=="],

    "http-cache-semantics": ["http-cache-semantics@4.2.0", "", {}, "sha512-dTxcvPXqPvXBQpq5dUr6mEMJX4oIEFv6bwom3FDwKRDsuIjjJGANqhBuoAn9c1RQJIdAKav33ED65E2ys+87QQ=="],

    "http2-wrapper": ["http2-wrapper@2.2.1", "", { "dependencies": { "quick-lru": "^5.1.1", "resolve-alpn": "^1.2.0" } }, "sha512-V5nVw1PAOgfI3Lmeaj2Exmeg7fenjhRUgz1lPSezy1CuhPYbgQtbQj4jZfEAEMlaL+vupsvhjqCyjzob0yxsmQ=="],

    "ignore": ["ignore@5.3.2", "", {}, "sha512-hsBTNUqQTDwkWtcdYI2i06Y/nUBEsNEDJKjWdigLvegy8kDuJAS8uRlpkkcQpyEXL0Z/pjDy5HBmMjRCJ2gq+g=="],

    "import-fresh": ["import-fresh@3.3.1", "", { "dependencies": { "parent-module": "^1.0.0", "resolve-from": "^4.0.0" } }, "sha512-TR3KfrTZTYLPB6jUjfx6MF9WcWrHL9su5TObK4ZkYgBdWKPOFoSoQIdEuTuR82pmtxH2spWG9h6etwfr1pLBqQ=="],

    "ini": ["ini@1.3.8", "", {}, "sha512-JV/yugV2uzW5iMRSiZAyDtQd+nxtUnjeLt0acNdw98kKLrvuRVyB80tsREOE7yvGVgalhZ6RNXCmEHkUKBKxew=="],

    "is-arrayish": ["is-arrayish@0.2.1", "", {}, "sha512-zz06S8t0ozoDXMG+ube26zeCTNXcKIPJZJi8hBrF4idCLms4CG9QtK7qBl1boi5ODzFpjswb5JPmHCbMpjaYzg=="],

    "is-fullwidth-code-point": ["is-fullwidth-code-point@3.0.0", "", {}, "sha512-zymm5+u+sCsSWyD9qNaejV3DFvhCKclKdizYaJUuHA83RLjb7nSuGnddCHGv0hk+KY7BMAlsWeK4Ueg6EV6XQg=="],

    "is-safe-filename": ["is-safe-filename@0.1.1", "", {}, "sha512-4SrR7AdnY11LHfDKTZY1u6Ga3RuxZdl3YKWWShO5iyuG5h8QS4GD2tOb04peBJ5I7pXbR+CGBNEhTcwK+FzN3g=="],

    "js-tokens": ["js-tokens@4.0.0", "", {}, "sha512-RdJUflcE3cUzKiMqQgsCu06FPu9UdIJO0beYbPhHN4k6apgJtifcoCtT9bcxOpYBtpD2kCM6Sbzg4CausW/PKQ=="],

    "js-yaml": ["js-yaml@4.3.1", "", { "dependencies": { "argparse": "^2.0.1" }, "bin": { "js-yaml": "bin/js-yaml.js" } }, "sha512-CY6crGq313MX8GkwvB7tzgp99vjQxY1++5y10/BKN/GUfHqWaOGQMNZkBvqSzsZKWk/ijwHlWzzkLulsGHhjWQ=="],

    "json-buffer": ["json-buffer@3.0.1", "", {}, "sha512-4bV5BfR2mqfQTJm+V5tPPdf+ZpuhiIvTuAB5g8kcrXOZpTT/QwwVRWBywX1ozr6lEuPdbHxwaJlm9G6mI2sfSQ=="],

    "json-parse-even-better-errors": ["json-parse-even-better-errors@2.3.1", "", {}, "sha512-xyFwyhro/JEof6Ghe2iz2NcXoj2sloNsWr/XsERDK/oiPCfaNhl5ONfp+jQdAZRQQ0IJWNzH9zIZF7li91kh2w=="],

    "json-schema-traverse": ["json-schema-traverse@1.0.0", "", {}, "sha512-NM8/P9n3XjXhIZn1lLhkFaACTOURQXjWhV4BA/RnOv8xvgqtqpAX9IO4mRQxSx1Rlo4tqzeqb0sOlruaOy3dug=="],

    "json-stream-stringify": ["json-stream-stringify@3.1.7", "", {}, "sha512-F4MWetLtY42YMaAKw5cV4e47zMD5aOT+tjjQWjX18ACtdkQ5Y/vrcfbcQ107Rh+MXjOCIx4KhW0wPmOvG8iQ5w=="],

    "jsonpointer": ["jsonpointer@5.0.1", "", {}, "sha512-p/nXbhSEcu3pZRdkW1OfJhpsVtW1gd4Wa1fnQc9YLiTfAjn0312eMKimbdIQzuZl9aa9xUGaRlP9T/CJE/ditQ=="],

    "keyv": ["keyv@4.5.4", "", { "dependencies": { "json-buffer": "3.0.1" } }, "sha512-oxVHkHR/EJf2CNXnWxRLW6mg7JyCCUcG0DtEGmL2ctUo1PNTin1PUil+r/+4r5MpVgC/fn1kjsx7mjSujKqIpw=="],

    "latest-version": ["latest-version@7.0.0", "", { "dependencies": { "package-json": "^8.1.0" } }, "sha512-KvNT4XqAMzdcL6ka6Tl3i2lYeFDgXNCuIX+xNx6ZMVR1dFq+idXd9FLKNMOIx0t9mJ9/HudyX4oZWXZQ0UJHeg=="],

    "leven": ["leven@3.1.0", "", {}, "sha512-qsda+H8jTaUaN/x5vzW2rzc+8Rw4TAQ/4KjB46IwK5VH+IlVeeeje/EoZRpiXvIqjFgK84QffqPztGI3VBLG1A=="],

    "lines-and-columns": ["lines-and-columns@1.2.4", "", {}, "sha512-7ylylesZQ/PV29jhEDl3Ufjo6ZX7gCqJr5F7PKrqc93v7fzSymt1BpwEU8nAUXs8qzzvqhbjhK5QZg6Mt/HkBg=="],

    "lodash": ["lodash@4.18.1", "", {}, "sha512-dMInicTPVE8d1e5otfwmmjlxkZoUpiVLwyeTdUsi/Caj/gfzzblBcCE5sRHV/AsjuCmxWrte2TNGSYuCeCq+0Q=="],

    "lodash.truncate": ["lodash.truncate@4.4.2", "", {}, "sha512-jttmRe7bRse52OsWIMDLaXxWqRAmtIUccAQ3garviCqJjafXOfNMO0yMfNpdD6zbGaTU0P5Nz7e7gAT6cKmJRw=="],

    "lowercase-keys": ["lowercase-keys@3.0.0", "", {}, "sha512-ozCC6gdQ+glXOQsveKD0YsDy8DSQFjDTz4zyzEHNV5+JP5D62LmfDZ6o1cycFx9ouG940M5dE8C8CTewdj2YWQ=="],

    "lru-cache": ["lru-cache@11.5.2", "", {}, "sha512-4pfM1Ff0x50o0tQwb5ucw/RzNyD0/YJME6IVcStalZuMWxdt3sR3huStTtxz4PUmvZfRguvDejasvQ2kifR11g=="],

    "micro-eth-signer": ["micro-eth-signer@0.14.0", "", { "dependencies": { "@noble/curves": "~1.8.1", "@noble/hashes": "~1.7.1", "micro-packed": "~0.7.2" } }, "sha512-5PLLzHiVYPWClEvZIXXFu5yutzpadb73rnQCpUqIHu3No3coFuWQNfE5tkBQJ7djuLYl6aRLaS0MgWJYGoqiBw=="],

    "micro-packed": ["micro-packed@0.7.3", "", { "dependencies": { "@scure/base": "~1.2.5" } }, "sha512-2Milxs+WNC00TRlem41oRswvw31146GiSaoCT7s3Xi2gMUglW5QBeqlQaZeHr5tJx9nm3i57LNXPqxOOaWtTYg=="],

    "mimic-response": ["mimic-response@4.0.0", "", {}, "sha512-e5ISH9xMYU0DzrT+jl8q2ze9D6eWBto+I8CNpe+VI+K2J/F/k3PdkdTdz4wvGVH4NTpo+NRYTVIuMQEMMcsLqg=="],

    "minimatch": ["minimatch@10.2.6", "", { "dependencies": { "brace-expansion": "^5.0.8" } }, "sha512-vpLQEs+VLCr1nU0BXS07maYoFwlDAH0gngQuuttxIwutDFEMHq2blX+8vpgxDdK3J1PwjCJiep77OitTZ4Ll1A=="],

    "minimist": ["minimist@1.2.8", "", {}, "sha512-2yyAR8qBkN3YuheJanUpWC5U3bb5osDywNB8RzDVlDwDHbocAJveqqj1u8+SVD7jkWT4yvsHCpWqqWqAxb0zCA=="],

    "minipass": ["minipass@7.1.3", "", {}, "sha512-tEBHqDnIoM/1rXME1zgka9g6Q2lcoCkxHLuc7ODJ5BxbP5d4c2Z5cGgtXAku59200Cx7diuHTOYfSBD8n6mm8A=="],

    "normalize-url": ["normalize-url@8.1.1", "", {}, "sha512-JYc0DPlpGWB40kH5g07gGTrYuMqV653k3uBKY6uITPWds3M0ov3GaWGp9lbE3Bzngx8+XkfzgvASb9vk9JDFXQ=="],

    "p-cancelable": ["p-cancelable@3.0.0", "", {}, "sha512-mlVgR3PGuzlo0MmTdk4cXqXWlwQDLnONTAg6sm62XkMJEiRxN3GL3SffkYvqwonbkJBcrI7Uvv5Zh9yjvn2iUw=="],

    "p-map": ["p-map@7.0.6", "", {}, "sha512-I4Prw6ivkd6p8PiYR1tXASOAOBzIJwu0TB7fqaX0c/8c3QAehNYmX57EijyGGGBt3c/BIowGwV03RVBtXvHEVg=="],

    "package-json": ["package-json@8.1.1", "", { "dependencies": { "got": "^12.1.0", "registry-auth-token": "^5.0.1", "registry-url": "^6.0.0", "semver": "^7.3.7" } }, "sha512-cbH9IAIJHNj9uXi196JVsRlt7cHKak6u/e6AkL/bkRelZ7rlL3X1YKxsZwa36xipOEKAsdtmaG6aAJoM1fx2zA=="],

    "parent-module": ["parent-module@1.0.1", "", { "dependencies": { "callsites": "^3.0.0" } }, "sha512-GQ2EWRpQV8/o+Aw8YqtfZZPfNRWZYkbidE9k5rpl/hC3vtHHBfGm2Ifi6qWV+coDGkrUKZAxE3Lot5kcsRlh+g=="],

    "parse-json": ["parse-json@5.2.0", "", { "dependencies": { "@babel/code-frame": "^7.0.0", "error-ex": "^1.3.1", "json-parse-even-better-errors": "^2.3.0", "lines-and-columns": "^1.1.6" } }, "sha512-ayCKvm/phCGxOkYRSCM82iDwct8/EonSEgCSxWxD7ve6jHggsFl4fZVQBPRNgQoKiuV/odhFrGzQXZwbifC8Rg=="],

    "path-scurry": ["path-scurry@2.0.2", "", { "dependencies": { "lru-cache": "^11.0.0", "minipass": "^7.1.2" } }, "sha512-3O/iVVsJAPsOnpwWIeD+d6z/7PmqApyQePUtCndjatj/9I5LylHvt5qluFaBT3I5h3r1ejfR056c+FCv+NnNXg=="],

    "path-type": ["path-type@4.0.0", "", {}, "sha512-gDKb8aZMDeD/tZWs9P6+q0J9Mwkdl6xMV8TjnGP3qJVJ06bdMgkbBlLU8IdfOsIsFz2BW1rNVT3XuNEl8zPAvw=="],

    "picocolors": ["picocolors@1.1.1", "", {}, "sha512-xceH2snhtb5M9liqDsmEw56le376mTZkEX/jEb/RxNFyegNul7eNslCXP9FDj/Lcu0X8KEyMceP2ntpaHrDEVA=="],

    "pluralize": ["pluralize@8.0.0", "", {}, "sha512-Nc3IT5yHzflTfbjgqWcCPpo7DaKy4FnpB0l/zCAW0Tc7jxAiuqSxHasntB3D7887LSrA93kDJ9IXovxJYxyLCA=="],

    "prettier": ["prettier@3.9.6", "", { "bin": { "prettier": "bin/prettier.cjs" } }, "sha512-OpN0zzVdiaiAhxpuuj5efpIS4sY9j7bY6uR5mnj5yPzGkdkjNKSJeUThPb60Jw29QuAZgA4o+/iB49kFiaBX6g=="],

    "prettier-plugin-solidity": ["prettier-plugin-solidity@2.4.0", "", { "dependencies": { "@nomicfoundation/slang": "1.3.7", "@solidity-parser/parser": "^0.20.2", "semver": "^7.8.5" }, "peerDependencies": { "prettier": ">=3.0.0" } }, "sha512-Z/zXRhdWzz3zq7gOmQ7k0mDOFZwhbZxT+u6C+9c4Mzq0iXsc4ONdq78rgIGD9KSZ5NAJ7KrRsalPcN4A0XOfnw=="],

    "proto-list": ["proto-list@1.2.4", "", {}, "sha512-vtK/94akxsTMhe0/cbfpR+syPuszcuwhqVjJq26CuNDgFGj682oRBXOP5MJpv2r7JtE8MsiepGIqvvOTBwn2vA=="],

    "quick-lru": ["quick-lru@5.1.1", "", {}, "sha512-WuyALRjWPDGtt/wzJiadO5AXY+8hZ80hVpe6MyivgraREW751X3SbhRvG3eLKOYN+8VEvqLcf3wdnt44Z4S4SA=="],

    "rc": ["rc@1.2.8", "", { "dependencies": { "deep-extend": "^0.6.0", "ini": "~1.3.0", "minimist": "^1.2.0", "strip-json-comments": "~2.0.1" }, "bin": { "rc": "./cli.js" } }, "sha512-y3bGgqKj3QBdxLbLkomlohkvsA8gdAiUQlSBJnBhfn+BPxg4bc62d8TcBW15wavDfgexCgccckhcZvywyQYPOw=="],

    "readdirp": ["readdirp@5.0.0", "", {}, "sha512-9u/XQ1pvrQtYyMpZe7DXKv2p5CNvyVwzUB6uhLAnQwHMSgKMBR62lc7AHljaeteeHXn11XTAaLLUVZYVZyuRBQ=="],

    "registry-auth-token": ["registry-auth-token@5.1.1", "", { "dependencies": { "@pnpm/npm-conf": "^3.0.2" } }, "sha512-P7B4+jq8DeD2nMsAcdfaqHbssgHtZ7Z5+++a5ask90fvmJ8p5je4mOa+wzu+DB4vQ5tdJV/xywY+UnVFeQLV5Q=="],

    "registry-url": ["registry-url@6.0.1", "", { "dependencies": { "rc": "1.2.8" } }, "sha512-+crtS5QjFRqFCoQmvGduwYWEBng99ZvmFvF+cUJkGYF1L1BfU8C6Zp9T7f5vPAwyLkUExpvK+ANVZmGU49qi4Q=="],

    "require-from-string": ["require-from-string@2.0.2", "", {}, "sha512-Xf0nWe6RseziFMu+Ap9biiUbmplq6S9/p+7w7YXP/JBHhrUDDUhwa+vANyubuqfZWTveU//DYVGsDG7RKL/vEw=="],

    "resolve-alpn": ["resolve-alpn@1.2.1", "", {}, "sha512-0a1F4l73/ZFZOakJnQ3FvkJ2+gSTQWz/r2KE5OdDY0TxPm5h4GkqkWWfM47T7HsbnOtcJVEF4epCVy6u7Q3K+g=="],

    "resolve-from": ["resolve-from@4.0.0", "", {}, "sha512-pb/MYmXstAkysRFx8piNI1tGFNQIFA3vkE3Gq4EuA1dF6gHp/+vgZqsCGJapvy8N3Q+4o7FwvquPJcnZ7RYy4g=="],

    "resolve.exports": ["resolve.exports@2.0.3", "", {}, "sha512-OcXjMsGdhL4XnbShKpAcSqPMzQoYkYyhbEaeSko47MjRP9NfEQMhZkXL1DoFlt9LWQn4YttrdnV6X2OiyzBi+A=="],

    "responselike": ["responselike@3.0.0", "", { "dependencies": { "lowercase-keys": "^3.0.0" } }, "sha512-40yHxbNcl2+rzXvZuVkrYohathsSJlMTXKryG5y8uciHv1+xDLHQpgjG64JUO9nrEq2jGLH6IZ8BcZyw3wrweg=="],

    "rfdc": ["rfdc@1.4.1", "", {}, "sha512-q1b3N5QkRUWUl7iyylaaj3kOpIT0N2i9MqIEQXP73GVsN9cw3fdx8X63cEmWhJGi2PPCF23Ijp7ktmd39rawIA=="],

    "semver": ["semver@7.8.5", "", { "bin": { "semver": "bin/semver.js" } }, "sha512-Y7/KDsb8LjooZpwaqGyulO6DQlksgCncchHGk+sZIY4SBvUocMBEFH5Ur1fI4dV+Jvl0w6cjvucaIi40puRioA=="],

    "slice-ansi": ["slice-ansi@4.0.0", "", { "dependencies": { "ansi-styles": "^4.0.0", "astral-regex": "^2.0.0", "is-fullwidth-code-point": "^3.0.0" } }, "sha512-qMCMfhY040cVHT43K9BFygqYbUPFZKHOg7K73mtTWJRb8pyP3fzf4Ixd5SzdEJQ6MRUg/WBnOLxghZtKKurENQ=="],

    "solhint": ["solhint@6.2.3", "", { "dependencies": { "@solidity-parser/parser": "^0.20.2", "ajv": "^8.18.0", "ast-parents": "^0.0.1", "better-ajv-errors": "^2.0.2", "chalk": "^4.1.2", "commander": "^10.0.0", "cosmiconfig": "^8.0.0", "fast-diff": "^1.2.0", "glob": "^13.0.6", "ignore": "^5.2.4", "js-yaml": "^4.1.0", "latest-version": "^7.0.0", "lodash": "^4.17.21", "pluralize": "^8.0.0", "semver": "^7.5.2", "table": "^6.8.1", "text-table": "^0.2.0" }, "optionalDependencies": { "prettier": "^3.0.0" }, "bin": { "solhint": "solhint.js" } }, "sha512-w8prJP3kaf3G9hkmH5RmkCanvTULHWpdn+t4MieMEMZDhC2gFoUbRjS0TmslgxzGIItoOtP/J5PvU0FrvC08wA=="],

    "string-width": ["string-width@4.2.3", "", { "dependencies": { "emoji-regex": "^8.0.0", "is-fullwidth-code-point": "^3.0.0", "strip-ansi": "^6.0.1" } }, "sha512-wKyQRQpjJ0sIp62ErSZdGsjMJWsap5oRNihHhu6G7JVO/9jIB6UyevL+tXuOqrng8j/cxKTWyWUwvSTriiZz/g=="],

    "strip-ansi": ["strip-ansi@6.0.1", "", { "dependencies": { "ansi-regex": "^5.0.1" } }, "sha512-Y38VPSHcqkFrCpFnQ9vuSXmquuv5oXOKpGeT6aGrr3o3Gc9AlVa6JBfUSOCnbxGGZF+/0ooI7KrPuUSztUdU5A=="],

    "strip-json-comments": ["strip-json-comments@2.0.1", "", {}, "sha512-4gB8na07fecVVkOI6Rs4e7T6NOTki5EmL7TUduTs6bu3EdnSycntVJ4re8kgZA+wx9IueI2Y11bfbgwtzuE0KQ=="],

    "supports-color": ["supports-color@7.2.0", "", { "dependencies": { "has-flag": "^4.0.0" } }, "sha512-qpCAvRl9stuOHveKsn7HncJRvv501qIacKzQlO/+Lwxc9+0q2wLyv4Dfvt80/DPn2pqOBsJdDiogXGR9+OvwRw=="],

    "table": ["table@6.9.0", "", { "dependencies": { "ajv": "^8.0.1", "lodash.truncate": "^4.4.2", "slice-ansi": "^4.0.0", "string-width": "^4.2.3", "strip-ansi": "^6.0.1" } }, "sha512-9kY+CygyYM6j02t5YFHbNz2FN5QmYGv9zAjVp4lCDjlCw7amdckXlEt/bjMhUIfj4ThGRE4gCUH5+yGnNuPo5A=="],

    "text-table": ["text-table@0.2.0", "", {}, "sha512-N+8UisAXDGk8PFXP4HAzVR9nbfmVJ3zYLAWiTIoqC5v5isinhr+r5uaO8+7r3BMfuNIufIsA7RdpVgacC2cSpw=="],

    "tsx": ["tsx@4.23.8", "", { "dependencies": { "esbuild": "~0.28.0" }, "optionalDependencies": { "fsevents": "~2.3.3" }, "bin": { "tsx": "dist/cli.mjs" } }, "sha512-8W675THjbzfFmLOQzjDBIBna+WjqMGIxmSZ1mMc1+o9qoVsEuAgQu5j5ueLhau8inOkDu9OslVg0FmfBs1RIHw=="],

    "typescript": ["typescript@7.0.2", "", { "optionalDependencies": { "@typescript/typescript-aix-ppc64": "7.0.2", "@typescript/typescript-darwin-arm64": "7.0.2", "@typescript/typescript-darwin-x64": "7.0.2", "@typescript/typescript-freebsd-arm64": "7.0.2", "@typescript/typescript-freebsd-x64": "7.0.2", "@typescript/typescript-linux-arm": "7.0.2", "@typescript/typescript-linux-arm64": "7.0.2", "@typescript/typescript-linux-loong64": "7.0.2", "@typescript/typescript-linux-mips64el": "7.0.2", "@typescript/typescript-linux-ppc64": "7.0.2", "@typescript/typescript-linux-riscv64": "7.0.2", "@typescript/typescript-linux-s390x": "7.0.2", "@typescript/typescript-linux-x64": "7.0.2", "@typescript/typescript-netbsd-arm64": "7.0.2", "@typescript/typescript-netbsd-x64": "7.0.2", "@typescript/typescript-openbsd-arm64": "7.0.2", "@typescript/typescript-openbsd-x64": "7.0.2", "@typescript/typescript-sunos-x64": "7.0.2", "@typescript/typescript-win32-arm64": "7.0.2", "@typescript/typescript-win32-x64": "7.0.2" }, "bin": { "tsc": "bin/tsc" } }, "sha512-8FYau96o3NKOhbjKi/qNvG/W5jhzxkbdm5sj9AbZ/5T5sWqn3hJgLfGx27sRKZWTvyzCP8dLRBTf5tBTSRVUNA=="],

    "undici": ["undici@6.28.0", "", {}, "sha512-LIY910g9TI13YS95lrMFrs8Rm/u/irgHeTWoKCoteeJ04CUJ92eEfj0rVn+7VKMPBpUPiUoBKfhNyLI23EE/KA=="],

    "ws": ["ws@8.21.2", "", { "peerDependencies": { "bufferutil": "^4.0.1", "utf-8-validate": ">=5.0.2" }, "optionalPeers": ["bufferutil", "utf-8-validate"] }, "sha512-54dMVAo4WIe6SKy3vBgN+9bJZqqQ8IMRevAkOLQALhi49qkkQDQfWdAZ8KQlXiEabw88ARXXdUrlvtbKQX+aKw=="],

    "zod": ["zod@3.25.76", "", {}, "sha512-gzUt/qt81nXsFGKIFcC3YnfEAx5NkunCfnDlvuBSSFS02bcXu4Lmea0AFIUwbLWxWPx3d9p8S5QoaujKcNQxcQ=="],

    "decompress-response/mimic-response": ["mimic-response@3.1.0", "", {}, "sha512-z0yWI+4FDrrweS8Zmt4Ej5HdJmky15+L2e6Wgn3+iK5fWzb6T3fhNFq2+MeTRb064c6Wr4N/wv0DzQTjNzHNGQ=="],

    "micro-eth-signer/@noble/curves": ["@noble/curves@1.8.2", "", { "dependencies": { "@noble/hashes": "1.7.2" } }, "sha512-vnI7V6lFNe0tLAuJMu+2sX+FcL14TaCWy1qiczg1VwRmPrpQCdq5ESXQMqUc2tluRNf6irBXrWbl1mGN8uaU/g=="],

    "micro-eth-signer/@noble/hashes": ["@noble/hashes@1.7.2", "", {}, "sha512-biZ0NUSxyjLLqo6KxEJ1b+C2NAx0wtDoFvCaXHGgUkeHzf3Xc1xKumFKREuT7f7DARNZ/slvYUwFG6B0f2b6hQ=="],

    "micro-packed/@scure/base": ["@scure/base@1.2.6", "", {}, "sha512-g/nm5FgUa//MCj1gV09zTJTaM6KBAHqLN907YVQqf7zC49+DcO4B1so4ZX07Ef10Twr6nuqYEH9GEggFXA4Fmg=="],
  }
}
